
Microsoft Visual Studio Solution File, Format Version 12.00
# Visual Studio Version 17
VisualStudioVersion = 17.2.32602.215
MinimumVisualStudioVersion = 10.0.40219.1
Project("{FAE04EC0-301F-11D3-BF4B-00C04F79EFBC}") = "introduction2", "introduction2\introduction2.csproj", "{DA5C55AE-28A5-4AC6-8BA8-F892E93856BA}"
EndProject
Global
	GlobalSection(SolutionConfigurationPlatforms) = preSolution
		Debug|Any CPU = Debug|Any CPU
		Release|Any CPU = Release|Any CPU
	EndGlobalSection
	GlobalSection(ProjectConfigurationPlatforms) = postSolution
		{DA5C55AE-28A5-4AC6-8BA8-F892E93856BA}.Debug|Any CPU.ActiveCfg = Debug|Any CPU
		{DA5C55AE-28A5-4AC6-8BA8-F892E93856BA}.Debug|Any CPU.Build.0 = Debug|Any CPU
		{DA5C55AE-28A5-4AC6-8BA8-F892E93856BA}.Release|Any CPU.ActiveCfg = Release|Any CPU
		{DA5C55AE-28A5-4AC6-8BA8-F892E93856BA}.Release|Any CPU.Build.0 = Release|Any CPU
	EndGlobalSection
	GlobalSection(SolutionProperties) = preSolution
		HideSolutionNode = FALSE
	EndGlobalSection
	GlobalSection(ExtensibilityGlobals) = postSolution
		SolutionGuid = {BD5BDA91-326F-430E-8008-74133AA50314}
	EndGlobalSection
EndGlobal
